// !$*UTF8*$!
{
	archiveVersion = 1;
	classes = {
	};
	objectVersion = 48;
	objects = {

/* Begin PBXBuildFile section */
		01F968801F71C9BD00C6BB89 /* AppDelegate.swift in Sources */ = {isa = PBXBuildFile; fileRef = 01F9687F1F71C9BD00C6BB89 /* AppDelegate.swift */; };
		01F968821F71C9BD00C6BB89 /* ViewController.swift in Sources */ = {isa = PBXBuildFile; fileRef = 01F968811F71C9BD00C6BB89 /* ViewController.swift */; };
		01F968851F71C9BD00C6BB89 /* Main.storyboard in Resources */ = {isa = PBXBuildFile; fileRef = 01F968831F71C9BD00C6BB89 /* Main.storyboard */; };
		01F968871F71C9BD00C6BB89 /* Assets.xcassets in Resources */ = {isa = PBXBuildFile; fileRef = 01F968861F71C9BD00C6BB89 /* Assets.xcassets */; };
		01F9688A1F71C9BD00C6BB89 /* LaunchScreen.storyboard in Resources */ = {isa = PBXBuildFile; fileRef = 01F968881F71C9BD00C6BB89 /* LaunchScreen.storyboard */; };
		01F968951F71C9BD00C6BB89 /* PhotoCollageTests.swift in Sources */ = {isa = PBXBuildFile; fileRef = 01F968941F71C9BD00C6BB89 /* PhotoCollageTests.swift */; };
/* End PBXBuildFile section */

/* Begin PBXContainerItemProxy section */
		01F968911F71C9BD00C6BB89 /* PBXContainerItemProxy */ = {
			isa = PBXContainerItemProxy;
			containerPortal = 01F968741F71C9BD00C6BB89 /* Project object */;
			proxyType = 1;
			remoteGlobalIDString = 01F9687B1F71C9BD00C6BB89;
			remoteInfo = PhotoCollage;
		};
/* End PBXContainerItemProxy section */

/* Begin PBXFileReference section */
		01F9687C1F71C9BD00C6BB89 /* PhotoCollage.app */ = {isa = PBXFileReference; explicitFileType = wrapper.application; includeInIndex = 0; path = PhotoCollage.app; sourceTree = BUILT_PRODUCTS_DIR; };
		01F9687F1F71C9BD00C6BB89 /* AppDelegate.swift */ = {isa = PBXFileReference; lastKnownFileType = sourcecode.swift; path = AppDelegate.swift; sourceTree = "<group>"; };
		01F968811F71C9BD00C6BB89 /* ViewController.swift */ = {isa = PBXFileReference; lastKnownFileType = sourcecode.swift; path = ViewController.swift; sourceTree = "<group>"; };
		01F968841F71C9BD00C6BB89 /* Base */ = {isa = PBXFileReference; lastKnownFileType = file.storyboard; name = Base; path = Base.lproj/Main.storyboard; sourceTree = "<group>"; };
		01F968861F71C9BD00C6BB89 /* Assets.xcassets */ = {isa = PBXFileReference; lastKnownFileType = folder.assetcatalog; path = Assets.xcassets; sourceTree = "<group>"; };
		01F968891F71C9BD00C6BB89 /* Base */ = {isa = PBXFileReference; lastKnownFileType = file.storyboard; name = Base; path = Base.lproj/LaunchScreen.storyboard; sourceTree = "<group>"; };
		01F9688B1F71C9BD00C6BB89 /* Info.plist */ = {isa = PBXFileReference; lastKnownFileType = text.plist.xml; path = Info.plist; sourceTree = "<group>"; };
		01F968901F71C9BD00C6BB89 /* PhotoCollageTests.xctest */ = {isa = PBXFileReference; explicitFileType = wrapper.cfbundle; includeInIndex = 0; path = PhotoCollageTests.xctest; sourceTree = BUILT_PRODUCTS_DIR; };
		01F968941F71C9BD00C6BB89 /* PhotoCollageTests.swift */ = {isa = PBXFileReference; lastKnownFileType = sourcecode.swift; path = PhotoCollageTests.swift; sourceTree = "<group>"; };
		01F968961F71C9BD00C6BB89 /* Info.plist */ = {isa = PBXFileReference; lastKnownFileType = text.plist.xml; path = Info.plist; sourceTree = "<group>"; };
/* End PBXFileReference section */

/* Begin PBXFrameworksBuildPhase section */
		01F968791F71C9BD00C6BB89 /* Frameworks */ = {
			isa = PBXFrameworksBuildPhase;
			buildActionMask = 2147483647;
			files = (
			);
			runOnlyForDeploymentPostprocessing = 0;
		};
		01F9688D1F71C9BD00C6BB89 /* Frameworks */ = {
			isa = PBXFrameworksBuildPhase;
			buildActionMask = 2147483647;
			files = (
			);
			runOnlyForDeploymentPostprocessing = 0;
		};
/* End PBXFrameworksBuildPhase section */

/* Begin PBXGroup section */
		01F968731F71C9BD00C6BB89 = {
			isa = PBXGroup;
			children = (
				01F9687E1F71C9BD00C6BB89 /* PhotoCollage */,
				01F968931F71C9BD00C6BB89 /* PhotoCollageTests */,
				01F9687D1F71C9BD00C6BB89 /* Products */,
			);
			sourceTree = "<group>";
		};
		01F9687D1F71C9BD00C6BB89 /* Products */ = {
			isa = PBXGroup;
			children = (
				01F9687C1F71C9BD00C6BB89 /* PhotoCollage.app */,
				01F968901F71C9BD00C6BB89 /* PhotoCollageTests.xctest */,
			);
			name = Products;
			sourceTree = "<group>";
		};
		01F9687E1F71C9BD00C6BB89 /* PhotoCollage */ = {
			isa = PBXGroup;
			children = (
				01F9687F1F71C9BD00C6BB89 /* AppDelegate.swift */,
				01F968811F71C9BD00C6BB89 /* ViewController.swift */,
				01F968831F71C9BD00C6BB89 /* Main.storyboard */,
				01F968861F71C9BD00C6BB89 /* Assets.xcassets */,
				01F968881F71C9BD00C6BB89 /* LaunchScreen.storyboard */,
				01F9688B1F71C9BD00C6BB89 /* Info.plist */,
			);
			path = PhotoCollage;
			sourceTree = "<group>";
		};
		01F968931F71C9BD00C6BB89 /* PhotoCollageTests */ = {
			isa = PBXGroup;
			children = (
				01F968941F71C9BD00C6BB89 /* PhotoCollageTests.swift */,
				01F968961F71C9BD00C6BB89 /* Info.plist */,
			);
			path = PhotoCollageTests;
			sourceTree = "<group>";
		};
/* End PBXGroup section */

/* Begin PBXNativeTarget section */
		01F9687B1F71C9BD00C6BB89 /* PhotoCollage */ = {
			isa = PBXNativeTarget;
			buildConfigurationList = 01F968991F71C9BD00C6BB89 /* Build configuration list for PBXNativeTarget "PhotoCollage" */;
			buildPhases = (
				01F968781F71C9BD00C6BB89 /* Sources */,
				01F968791F71C9BD00C6BB89 /* Frameworks */,
				01F9687A1F71C9BD00C6BB89 /* Resources */,
			);
			buildRules = (
			);
			dependencies = (
			);
			name = PhotoCollage;
			productName = PhotoCollage;
			productReference = 01F9687C1F71C9BD00C6BB89 /* PhotoCollage.app */;
			productType = "com.apple.product-type.application";
		};
		01F9688F1F71C9BD00C6BB89 /* PhotoCollageTests */ = {
			isa = PBXNativeTarget;
			buildConfigurationList = 01F9689C1F71C9BE00C6BB89 /* Build configuration list for PBXNativeTarget "PhotoCollageTests" */;
			buildPhases = (
				01F9688C1F71C9BD00C6BB89 /* Sources */,
				01F9688D1F71C9BD00C6BB89 /* Frameworks */,
				01F9688E1F71C9BD00C6BB89 /* Resources */,
			);
			buildRules = (
			);
			dependencies = (
				01F968921F71C9BD00C6BB89 /* PBXTargetDependency */,
			);
			name = PhotoCollageTests;
			productName = PhotoCollageTests;
			productReference = 01F968901F71C9BD00C6BB89 /* PhotoCollageTests.xctest */;
			productType = "com.apple.product-type.bundle.unit-test";
		};
/* End PBXNativeTarget section */

/* Begin PBXProject section */
		01F968741F71C9BD00C6BB89 /* Project object */ = {
			isa = PBXProject;
			attributes = {
				LastSwiftUpdateCheck = 0900;
				LastUpgradeCheck = 0900;
				ORGANIZATIONNAME = "Nick McConnell";
				TargetAttributes = {
					01F9687B1F71C9BD00C6BB89 = {
						CreatedOnToolsVersion = 9.0;
						ProvisioningStyle = Automatic;
					};
					01F9688F1F71C9BD00C6BB89 = {
						CreatedOnToolsVersion = 9.0;
						ProvisioningStyle = Automatic;
						TestTargetID = 01F9687B1F71C9BD00C6BB89;
					};
				};
			};
			buildConfigurationList = 01F968771F71C9BD00C6BB89 /* Build configuration list for PBXProject "PhotoCollage" */;
			compatibilityVersion = "Xcode 8.0";
			developmentRegion = en;
			hasScannedForEncodings = 0;
			knownRegions = (
				en,
				Base,
			);
			mainGroup = 01F968731F71C9BD00C6BB89;
			productRefGroup = 01F9687D1F71C9BD00C6BB89 /* Products */;
			projectDirPath = "";
			projectRoot = "";
			targets = (
				01F9687B1F71C9BD00C6BB89 /* PhotoCollage */,
				01F9688F1F71C9BD00C6BB89 /* PhotoCollageTests */,
			);
		};
/* End PBXProject section */

/* Begin PBXResourcesBuildPhase section */
		01F9687A1F71C9BD00C6BB89 /* Resources */ = {
			isa = PBXResourcesBuildPhase;
			buildActionMask = 2147483647;
			files = (
				01F9688A1F71C9BD00C6BB89 /* LaunchScreen.storyboard in Resources */,
				01F968871F71C9BD00C6BB89 /* Assets.xcassets in Resources */,
				01F968851F71C9BD00C6BB89 /* Main.storyboard in Resources */,
			);
			runOnlyForDeploymentPostprocessing = 0;
		};
		01F9688E1F71C9BD00C6BB89 /* Resources */ = {
			isa = PBXResourcesBuildPhase;
			buildActionMask = 2147483647;
			files = (
			);
			runOnlyForDeploymentPostprocessing = 0;
		};
/* End PBXResourcesBuildPhase section */

/* Begin PBXSourcesBuildPhase section */
		01F968781F71C9BD00C6BB89 /* Sources */ = {
			isa = PBXSourcesBuildPhase;
			buildActionMask = 2147483647;
			files = (
				01F968821F71C9BD00C6BB89 /* ViewController.swift in Sources */,
				01F968801F71C9BD00C6BB89 /* AppDelegate.swift in Sources */,
			);
			runOnlyForDeploymentPostprocessing = 0;
		};
		01F9688C1F71C9BD00C6BB89 /* Sources */ = {
			isa = PBXSourcesBuildPhase;
			buildActionMask = 2147483647;
			files = (
				01F968951F71C9BD00C6BB89 /* PhotoCollageTests.swift in Sources */,
			);
			runOnlyForDeploymentPostprocessing = 0;
		};
/* End PBXSourcesBuildPhase section */

/* Begin PBXTargetDependency section */
		01F968921F71C9BD00C6BB89 /* PBXTargetDependency */ = {
			isa = PBXTargetDependency;
			target = 01F9687B1F71C9BD00C6BB89 /* PhotoCollage */;
			targetProxy = 01F968911F71C9BD00C6BB89 /* PBXContainerItemProxy */;
		};
/* End PBXTargetDependency section */

/* Begin PBXVariantGroup section */
		01F968831F71C9BD00C6BB89 /* Main.storyboard */ = {
			isa = PBXVariantGroup;
			children = (
				01F968841F71C9BD00C6BB89 /* Base */,
			);
			name = Main.storyboard;
			sourceTree = "<group>";
		};
		01F968881F71C9BD00C6BB89 /* LaunchScreen.storyboard */ = {
			isa = PBXVariantGroup;
			children = (
				01F968891F71C9BD00C6BB89 /* Base */,
			);
			name = LaunchScreen.storyboard;
			sourceTree = "<group>";
		};
/* End PBXVariantGroup section */

/* Begin XCBuildConfiguration section */
		01F968971F71C9BD00C6BB89 /* Debug */ = {
			isa = XCBuildConfiguration;
			buildSettings = {
				ALWAYS_SEARCH_USER_PATHS = NO;
				CLANG_ANALYZER_NONNULL = YES;
				CLANG_ANALYZER_NUMBER_OBJECT_CONVERSION = YES_AGGRESSIVE;
				CLANG_CXX_LANGUAGE_STANDARD = "gnu++14";
				CLANG_CXX_LIBRARY = "libc++";
				CLANG_ENABLE_MODULES = YES;
				CLANG_ENABLE_OBJC_ARC = YES;
				CLANG_WARN_BLOCK_CAPTURE_AUTORELEASING = YES;
				CLANG_WARN_BOOL_CONVERSION = YES;
				CLANG_WARN_COMMA = YES;
				CLANG_WARN_CONSTANT_CONVERSION = YES;
				CLANG_WARN_DIRECT_OBJC_ISA_USAGE = YES_ERROR;
				CLANG_WARN_DOCUMENTATION_COMMENTS = YES;
				CLANG_WARN_EMPTY_BODY = YES;
				CLANG_WARN_ENUM_CONVERSION = YES;
				CLANG_WARN_INFINITE_RECURSION = YES;
				CLANG_WARN_INT_CONVERSION = YES;
				CLANG_WARN_NON_LITERAL_NULL_CONVERSION = YES;
				CLANG_WARN_OBJC_LITERAL_CONVERSION = YES;
				CLANG_WARN_OBJC_ROOT_CLASS = YES_ERROR;
				CLANG_WARN_RANGE_LOOP_ANALYSIS = YES;
				CLANG_WARN_STRICT_PROTOTYPES = YES;
				CLANG_WARN_SUSPICIOUS_MOVE = YES;
				CLANG_WARN_UNGUARDED_AVAILABILITY = YES_AGGRESSIVE;
				CLANG_WARN_UNREACHABLE_CODE = YES;
				CLANG_WARN__DUPLICATE_METHOD_MATCH = YES;
				CODE_SIGN_IDENTITY = "iPhone Developer";
				COPY_PHASE_STRIP = NO;
				DEBUG_INFORMATION_FORMAT = dwarf;
				ENABLE_STRICT_OBJC_MSGSEND = YES;
				ENABLE_TESTABILITY = YES;
				GCC_C_LANGUAGE_STANDARD = gnu11;
				GCC_DYNAMIC_NO_PIC = NO;
				GCC_NO_COMMON_BLOCKS = YES;
				GCC_OPTIMIZATION_LEVEL = 0;
				GCC_PREPROCESSOR_DEFINITIONS = (
					"DEBUG=1",
					"$(inherited)",
				);
				GCC_WARN_64_TO_32_BIT_CONVERSION = YES;
				GCC_WARN_ABOUT_RETURN_TYPE = YES_ERROR;
				GCC_WARN_UNDECLARED_SELECTOR = YES;
				GCC_WARN_UNINITIALIZED_AUTOS = YES_AGGRESSIVE;
				GCC_WARN_UNUSED_FUNCTION = YES;
				GCC_WARN_UNUSED_VARIABLE = YES;
				IPHONEOS_DEPLOYMENT_TARGET = 11.0;
				MTL_ENABLE_DEBUG_INFO = YES;
				ONLY_ACTIVE_ARCH = YES;
				SDKROOT = iphoneos;
				SWIFT_ACTIVE_COMPILATION_CONDITIONS = DEBUG;
				SWIFT_OPTIMIZATION_LEVEL = "-Onone";
			};
			name = Debug;
		};
		01F968981F71C9BD00C6BB89 /* Release */ = {
			isa = XCBuildConfiguration;
			buildSettings = {
				ALWAYS_SEARCH_USER_PATHS = NO;
				CLANG_ANALYZER_NONNULL = YES;
				CLANG_ANALYZER_NUMBER_OBJECT_CONVERSION = YES_AGGRESSIVE;
				CLANG_CXX_LANGUAGE_STANDARD = "gnu++14";
				CLANG_CXX_LIBRARY = "libc++";
				CLANG_ENABLE_MODULES = YES;
				CLANG_ENABLE_OBJC_ARC = YES;
				CLANG_WARN_BLOCK_CAPTURE_AUTORELEASING = YES;
				CLANG_WARN_BOOL_CONVERSION = YES;
				CLANG_WARN_COMMA = YES;
				CLANG_WARN_CONSTANT_CONVERSION = YES;
				CLANG_WARN_DIRECT_OBJC_ISA_USAGE = YES_ERROR;
				CLANG_WARN_DOCUMENTATION_COMMENTS = YES;
				CLANG_WARN_EMPTY_BODY = YES;
				CLANG_WARN_ENUM_CONVERSION = YES;
				CLANG_WARN_INFINITE_RECURSION = YES;
				CLANG_WARN_INT_CONVERSION = YES;
				CLANG_WARN_NON_LITERAL_NULL_CONVERSION = YES;
				CLANG_WARN_OBJC_LITERAL_CONVERSION = YES;
				CLANG_WARN_OBJC_ROOT_CLASS = YES_ERROR;
				CLANG_WARN_RANGE_LOOP_ANALYSIS = YES;
				CLANG_WARN_STRICT_PROTOTYPES = YES;
				CLANG_WARN_SUSPICIOUS_MOVE = YES;
				CLANG_WARN_UNGUARDED_AVAILABILITY = YES_AGGRESSIVE;
				CLANG_WARN_UNREACHABLE_CODE = YES;
				CLANG_WARN__DUPLICATE_METHOD_MATCH = YES;
				CODE_SIGN_IDENTITY = "iPhone Developer";
				COPY_PHASE_STRIP = NO;
				DEBUG_INFORMATION_FORMAT = "dwarf-with-dsym";
				ENABLE_NS_ASSERTIONS = NO;
				ENABLE_STRICT_OBJC_MSGSEND = YES;
				GCC_C_LANGUAGE_STANDARD = gnu11;
				GCC_NO_COMMON_BLOCKS = YES;
				GCC_WARN_64_TO_32_BIT_CONVERSION = YES;
				GCC_WARN_ABOUT_RETURN_TYPE = YES_ERROR;
				GCC_WARN_UNDECLARED_SELECTOR = YES;
				GCC_WARN_UNINITIALIZED_AUTOS = YES_AGGRESSIVE;
				GCC_WARN_UNUSED_FUNCTION = YES;
				GCC_WARN_UNUSED_VARIABLE = YES;
				IPHONEOS_DEPLOYMENT_TARGET = 11.0;
				MTL_ENABLE_DEBUG_INFO = NO;
				SDKROOT = iphoneos;
				SWIFT_OPTIMIZATION_LEVEL = "-Owholemodule";
				VALIDATE_PRODUCT = YES;
			};
			name = Release;
		};
		01F9689A1F71C9BD00C6BB89 /* Debug */ = {
			isa = XCBuildConfiguration;
			buildSettings = {
				ASSETCATALOG_COMPILER_APPICON_NAME = AppIcon;
				CODE_SIGN_STYLE = Automatic;
				DEVELOPMENT_TEAM = 3D338NTUNJ;
				INFOPLIST_FILE = PhotoCollage/Info.plist;
				LD_RUNPATH_SEARCH_PATHS = "$(inherited) @executable_path/Frameworks";
				PRODUCT_BUNDLE_IDENTIFIER = NM.PhotoCollage;
				PRODUCT_NAME = "$(TARGET_NAME)";
				SWIFT_VERSION = 4.0;
				TARGETED_DEVICE_FAMILY = "1,2";
			};
			name = Debug;
		};
		01F9689B1F71C9BD00C6BB89 /* Release */ = {
			isa = XCBuildConfiguration;
			buildSettings = {
				ASSETCATALOG_COMPILER_APPICON_NAME = AppIcon;
				CODE_SIGN_STYLE = Automatic;
				DEVELOPMENT_TEAM = 3D338NTUNJ;
				INFOPLIST_FILE = PhotoCollage/Info.plist;
				LD_RUNPATH_SEARCH_PATHS = "$(inherited) @executable_path/Frameworks";
				PRODUCT_BUNDLE_IDENTIFIER = NM.PhotoCollage;
				PRODUCT_NAME = "$(TARGET_NAME)";
				SWIFT_VERSION = 4.0;
				TARGETED_DEVICE_FAMILY = "1,2";
			};
			name = Release;
		};
		01F9689D1F71C9BE00C6BB89 /* Debug */ = {
			isa = XCBuildConfiguration;
			buildSettings = {
				ALWAYS_EMBED_SWIFT_STANDARD_LIBRARIES = YES;
				BUNDLE_LOADER = "$(TEST_HOST)";
				CODE_SIGN_STYLE = Automatic;
				DEVELOPMENT_TEAM = 3D338NTUNJ;
				INFOPLIST_FILE = PhotoCollageTests/Info.plist;
				LD_RUNPATH_SEARCH_PATHS = "$(inherited) @executable_path/Frameworks @loader_path/Frameworks";
				PRODUCT_BUNDLE_IDENTIFIER = NM.PhotoCollageTests;
				PRODUCT_NAME = "$(TARGET_NAME)";
				SWIFT_VERSION = 4.0;
				TARGETED_DEVICE_FAMILY = "1,2";
				TEST_HOST = "$(BUILT_PRODUCTS_DIR)/PhotoCollage.app/PhotoCollage";
			};
			name = Debug;
		};
		01F9689E1F71C9BE00C6BB89 /* Release */ = {
			isa = XCBuildConfiguration;
			buildSettings = {
				ALWAYS_EMBED_SWIFT_STANDARD_LIBRARIES = YES;
				BUNDLE_LOADER = "$(TEST_HOST)";
				CODE_SIGN_STYLE = Automatic;
				DEVELOPMENT_TEAM = 3D338NTUNJ;
				INFOPLIST_FILE = PhotoCollageTests/Info.plist;
				LD_RUNPATH_SEARCH_PATHS = "$(inherited) @executable_path/Frameworks @loader_path/Frameworks";
				PRODUCT_BUNDLE_IDENTIFIER = NM.PhotoCollageTests;
				PRODUCT_NAME = "$(TARGET_NAME)";
				SWIFT_VERSION = 4.0;
				TARGETED_DEVICE_FAMILY = "1,2";
				TEST_HOST = "$(BUILT_PRODUCTS_DIR)/PhotoCollage.app/PhotoCollage";
			};
			name = Release;
		};
/* End XCBuildConfiguration section */

/* Begin XCConfigurationList section */
		01F968771F71C9BD00C6BB89 /* Build configuration list for PBXProject "PhotoCollage" */ = {
			isa = XCConfigurationList;
			buildConfigurations = (
				01F968971F71C9BD00C6BB89 /* Debug */,
				01F968981F71C9BD00C6BB89 /* Release */,
			);
			defaultConfigurationIsVisible = 0;
			defaultConfigurationName = Release;
		};
		01F968991F71C9BD00C6BB89 /* Build configuration list for PBXNativeTarget "PhotoCollage" */ = {
			isa = XCConfigurationList;
			buildConfigurations = (
				01F9689A1F71C9BD00C6BB89 /* Debug */,
				01F9689B1F71C9BD00C6BB89 /* Release */,
			);
			defaultConfigurationIsVisible = 0;
			defaultConfigurationName = Release;
		};
		01F9689C1F71C9BE00C6BB89 /* Build configuration list for PBXNativeTarget "PhotoCollageTests" */ = {
			isa = XCConfigurationList;
			buildConfigurations = (
				01F9689D1F71C9BE00C6BB89 /* Debug */,
				01F9689E1F71C9BE00C6BB89 /* Release */,
			);
			defaultConfigurationIsVisible = 0;
			defaultConfigurationName = Release;
		};
/* End XCConfigurationList section */
	};
	rootObject = 01F968741F71C9BD00C6BB89 /* Project object */;
}
